// !$*UTF8*$!
{
	archiveVersion = 1;
	classes = {
	};
	objectVersion = 42;
	objects = {

/* Begin PBXBuildFile section */
		8D255ACA0486D3F9007BF209 /* InfoPlist.strings in Resources */ = {isa = PBXBuildFile; fileRef = 089C167DFE841241C02AAC07 /* InfoPlist.strings */; };
		8D255ACE0486D3F9007BF209 /* Cocoa.framework in Frameworks */ = {isa = PBXBuildFile; fileRef = 1058C7ADFEA557BF11CA2CBB /* Cocoa.framework */; };
		8D255ACF0486D3F9007BF209 /* ScreenSaver.framework in Frameworks */ = {isa = PBXBuildFile; fileRef = 06F27B2DFFEEEFEF11CA0E56 /* ScreenSaver.framework */; };
		E4DF70E60C8161BF00573540 /* EditPreset.nib in Resources */ = {isa = PBXBuildFile; fileRef = E4DF70E20C8161BF00573540 /* EditPreset.nib */; };
		E4DF70E70C8161BF00573540 /* Flurry.nib in Resources */ = {isa = PBXBuildFile; fileRef = E4DF70E40C8161BF00573540 /* Flurry.nib */; };
		E4DF71020C8161E000573540 /* displays.tif in Resources */ = {isa = PBXBuildFile; fileRef = E4DF70EA0C8161E000573540 /* displays.tif */; };
		E4DF71040C8161E000573540 /* FlurryUtils.m in Sources */ = {isa = PBXBuildFile; fileRef = E4DF70EC0C8161E000573540 /* FlurryUtils.m */; };
		E4DF71060C8161E000573540 /* FlurryView.m in Sources */ = {isa = PBXBuildFile; fileRef = E4DF70EE0C8161E000573540 /* FlurryView.m */; };
		E4DF71080C8161E000573540 /* PresetManager.m in Sources */ = {isa = PBXBuildFile; fileRef = E4DF70F00C8161E000573540 /* PresetManager.m */; };
		E4DF71090C8161E000573540 /* Gl_saver.c in Sources */ = {isa = PBXBuildFile; fileRef = E4DF70F20C8161E000573540 /* Gl_saver.c */; };
		E4DF710B0C8161E000573540 /* Particle.c in Sources */ = {isa = PBXBuildFile; fileRef = E4DF70F40C8161E000573540 /* Particle.c */; };
		E4DF710E0C8161E000573540 /* Smoke.c in Sources */ = {isa = PBXBuildFile; fileRef = E4DF70F70C8161E000573540 /* Smoke.c */; };
		E4DF71110C8161E000573540 /* Spark.c in Sources */ = {isa = PBXBuildFile; fileRef = E4DF70FA0C8161E000573540 /* Spark.c */; };
		E4DF71130C8161E000573540 /* Star.c in Sources */ = {isa = PBXBuildFile; fileRef = E4DF70FC0C8161E000573540 /* Star.c */; };
		E4DF71150C8161E000573540 /* Std.c in Sources */ = {isa = PBXBuildFile; fileRef = E4DF70FE0C8161E000573540 /* Std.c */; };
		E4DF71170C8161E000573540 /* Texture.c in Sources */ = {isa = PBXBuildFile; fileRef = E4DF71000C8161E000573540 /* Texture.c */; };
		E4DF71870C8163CF00573540 /* OpenGL.framework in Frameworks */ = {isa = PBXBuildFile; fileRef = E4DF71860C8163CF00573540 /* OpenGL.framework */; };
		E4DF71CF0C81666C00573540 /* Flurry.icns in Resources */ = {isa = PBXBuildFile; fileRef = E4DF71CE0C81666C00573540 /* Flurry.icns */; };
/* End PBXBuildFile section */

/* Begin PBXFileReference section */
		06F27B2DFFEEEFEF11CA0E56 /* ScreenSaver.framework */ = {isa = PBXFileReference; lastKnownFileType = wrapper.framework; name = ScreenSaver.framework; path = /System/Library/Frameworks/ScreenSaver.framework; sourceTree = "<absolute>"; };
		089C1672FE841209C02AAC07 /* Foundation.framework */ = {isa = PBXFileReference; lastKnownFileType = wrapper.framework; name = Foundation.framework; path = /System/Library/Frameworks/Foundation.framework; sourceTree = "<absolute>"; };
		089C167EFE841241C02AAC07 /* English */ = {isa = PBXFileReference; fileEncoding = 10; lastKnownFileType = text.plist.strings; name = English; path = English.lproj/InfoPlist.strings; sourceTree = "<group>"; };
		089C167FFE841241C02AAC07 /* AppKit.framework */ = {isa = PBXFileReference; lastKnownFileType = wrapper.framework; name = AppKit.framework; path = /System/Library/Frameworks/AppKit.framework; sourceTree = "<absolute>"; };
		1058C7ADFEA557BF11CA2CBB /* Cocoa.framework */ = {isa = PBXFileReference; lastKnownFileType = wrapper.framework; name = Cocoa.framework; path = /System/Library/Frameworks/Cocoa.framework; sourceTree = "<absolute>"; };
		8D255AD20486D3F9007BF209 /* Info.plist */ = {isa = PBXFileReference; fileEncoding = 4; lastKnownFileType = text.plist; path = Info.plist; sourceTree = "<group>"; };
		8D255AD30486D3F9007BF209 /* Flurry.saver */ = {isa = PBXFileReference; explicitFileType = wrapper.cfbundle; includeInIndex = 0; path = Flurry.saver; sourceTree = BUILT_PRODUCTS_DIR; };
		E4DF70E30C8161BF00573540 /* English */ = {isa = PBXFileReference; lastKnownFileType = wrapper.nib; name = English; path = English.lproj/EditPreset.nib; sourceTree = "<group>"; };
		E4DF70E50C8161BF00573540 /* English */ = {isa = PBXFileReference; lastKnownFileType = wrapper.nib; name = English; path = English.lproj/Flurry.nib; sourceTree = "<group>"; };
		E4DF70EA0C8161E000573540 /* displays.tif */ = {isa = PBXFileReference; lastKnownFileType = image.tiff; path = displays.tif; sourceTree = "<group>"; };
		E4DF70EB0C8161E000573540 /* FlurryUtils.h */ = {isa = PBXFileReference; fileEncoding = 4; lastKnownFileType = sourcecode.c.h; path = FlurryUtils.h; sourceTree = "<group>"; };
		E4DF70EC0C8161E000573540 /* FlurryUtils.m */ = {isa = PBXFileReference; fileEncoding = 4; lastKnownFileType = sourcecode.c.objc; path = FlurryUtils.m; sourceTree = "<group>"; };
		E4DF70ED0C8161E000573540 /* FlurryView.h */ = {isa = PBXFileReference; fileEncoding = 4; lastKnownFileType = sourcecode.c.h; path = FlurryView.h; sourceTree = "<group>"; };
		E4DF70EE0C8161E000573540 /* FlurryView.m */ = {isa = PBXFileReference; fileEncoding = 4; lastKnownFileType = sourcecode.c.objc; path = FlurryView.m; sourceTree = "<group>"; };
		E4DF70EF0C8161E000573540 /* PresetManager.h */ = {isa = PBXFileReference; fileEncoding = 4; lastKnownFileType = sourcecode.c.h; path = PresetManager.h; sourceTree = "<group>"; };
		E4DF70F00C8161E000573540 /* PresetManager.m */ = {isa = PBXFileReference; fileEncoding = 4; lastKnownFileType = sourcecode.c.objc; path = PresetManager.m; sourceTree = "<group>"; };
		E4DF70F20C8161E000573540 /* Gl_saver.c */ = {isa = PBXFileReference; fileEncoding = 4; lastKnownFileType = sourcecode.c.c; path = Gl_saver.c; sourceTree = "<group>"; };
		E4DF70F30C8161E000573540 /* Gl_saver.h */ = {isa = PBXFileReference; fileEncoding = 4; lastKnownFileType = sourcecode.c.h; path = Gl_saver.h; sourceTree = "<group>"; };
		E4DF70F40C8161E000573540 /* Particle.c */ = {isa = PBXFileReference; fileEncoding = 4; lastKnownFileType = sourcecode.c.c; path = Particle.c; sourceTree = "<group>"; };
		E4DF70F50C8161E000573540 /* Particle.h */ = {isa = PBXFileReference; fileEncoding = 4; lastKnownFileType = sourcecode.c.h; path = Particle.h; sourceTree = "<group>"; };
		E4DF70F60C8161E000573540 /* PTypes.h */ = {isa = PBXFileReference; fileEncoding = 4; lastKnownFileType = sourcecode.c.h; path = PTypes.h; sourceTree = "<group>"; };
		E4DF70F70C8161E000573540 /* Smoke.c */ = {isa = PBXFileReference; fileEncoding = 4; lastKnownFileType = sourcecode.c.c; path = Smoke.c; sourceTree = "<group>"; };
		E4DF70F80C8161E000573540 /* Smoke.h */ = {isa = PBXFileReference; fileEncoding = 4; lastKnownFileType = sourcecode.c.h; path = Smoke.h; sourceTree = "<group>"; };
		E4DF70F90C8161E000573540 /* SmokeParticle.h */ = {isa = PBXFileReference; fileEncoding = 4; lastKnownFileType = sourcecode.c.h; path = SmokeParticle.h; sourceTree = "<group>"; };
		E4DF70FA0C8161E000573540 /* Spark.c */ = {isa = PBXFileReference; fileEncoding = 4; lastKnownFileType = sourcecode.c.c; path = Spark.c; sourceTree = "<group>"; };
		E4DF70FB0C8161E000573540 /* Spark.h */ = {isa = PBXFileReference; fileEncoding = 4; lastKnownFileType = sourcecode.c.h; path = Spark.h; sourceTree = "<group>"; };
		E4DF70FC0C8161E000573540 /* Star.c */ = {isa = PBXFileReference; fileEncoding = 4; lastKnownFileType = sourcecode.c.c; path = Star.c; sourceTree = "<group>"; };
		E4DF70FD0C8161E000573540 /* Star.h */ = {isa = PBXFileReference; fileEncoding = 4; lastKnownFileType = sourcecode.c.h; path = Star.h; sourceTree = "<group>"; };
		E4DF70FE0C8161E000573540 /* Std.c */ = {isa = PBXFileReference; fileEncoding = 4; lastKnownFileType = sourcecode.c.c; path = Std.c; sourceTree = "<group>"; };
		E4DF70FF0C8161E000573540 /* Std.h */ = {isa = PBXFileReference; fileEncoding = 4; lastKnownFileType = sourcecode.c.h; path = Std.h; sourceTree = "<group>"; };
		E4DF71000C8161E000573540 /* Texture.c */ = {isa = PBXFileReference; fileEncoding = 4; lastKnownFileType = sourcecode.c.c; path = Texture.c; sourceTree = "<group>"; };
		E4DF71010C8161E000573540 /* Texture.h */ = {isa = PBXFileReference; fileEncoding = 4; lastKnownFileType = sourcecode.c.h; path = Texture.h; sourceTree = "<group>"; };
		E4DF71860C8163CF00573540 /* OpenGL.framework */ = {isa = PBXFileReference; lastKnownFileType = wrapper.framework; name = OpenGL.framework; path = ../../../../System/Library/Frameworks/OpenGL.framework; sourceTree = "<group>"; };
		E4DF71910C81653900573540 /* Flurry_Prefix.pch */ = {isa = PBXFileReference; fileEncoding = 4; lastKnownFileType = sourcecode.c.h; path = Flurry_Prefix.pch; sourceTree = "<group>"; };
		E4DF71CE0C81666C00573540 /* Flurry.icns */ = {isa = PBXFileReference; lastKnownFileType = image.icns; path = Flurry.icns; sourceTree = "<group>"; };
/* End PBXFileReference section */

/* Begin PBXFrameworksBuildPhase section */
		8D255ACD0486D3F9007BF209 /* Frameworks */ = {
			isa = PBXFrameworksBuildPhase;
			buildActionMask = 2147483647;
			files = (
				8D255ACE0486D3F9007BF209 /* Cocoa.framework in Frameworks */,
				8D255ACF0486D3F9007BF209 /* ScreenSaver.framework in Frameworks */,
				E4DF71870C8163CF00573540 /* OpenGL.framework in Frameworks */,
			);
			runOnlyForDeploymentPostprocessing = 0;
		};
/* End PBXFrameworksBuildPhase section */

/* Begin PBXGroup section */
		089C166AFE841209C02AAC07 /* Flurry */ = {
			isa = PBXGroup;
			children = (
				089C167CFE841241C02AAC07 /* Flurry source code */,
				089C1671FE841209C02AAC07 /* Frameworks and Libraries */,
				19C28FB8FE9D52D311CA2CBB /* Products */,
			);
			name = Flurry;
			sourceTree = "<group>";
		};
		089C1671FE841209C02AAC07 /* Frameworks and Libraries */ = {
			isa = PBXGroup;
			children = (
				1058C7ACFEA557BF11CA2CBB /* Linked Frameworks */,
				1058C7AEFEA557BF11CA2CBB /* Other Frameworks */,
			);
			name = "Frameworks and Libraries";
			sourceTree = "<group>";
		};
		089C167CFE841241C02AAC07 /* Flurry source code */ = {
			isa = PBXGroup;
			children = (
				E4DF70F10C8161E000573540 /* Source */,
				E4DF71910C81653900573540 /* Flurry_Prefix.pch */,
				E4DF70EB0C8161E000573540 /* FlurryUtils.h */,
				E4DF70EC0C8161E000573540 /* FlurryUtils.m */,
				E4DF70ED0C8161E000573540 /* FlurryView.h */,
				E4DF70EE0C8161E000573540 /* FlurryView.m */,
				E4DF70EF0C8161E000573540 /* PresetManager.h */,
				E4DF70F00C8161E000573540 /* PresetManager.m */,
				E4DF70EA0C8161E000573540 /* displays.tif */,
				E4DF71CE0C81666C00573540 /* Flurry.icns */,
				E4DF70E20C8161BF00573540 /* EditPreset.nib */,
				E4DF70E40C8161BF00573540 /* Flurry.nib */,
				8D255AD20486D3F9007BF209 /* Info.plist */,
				089C167DFE841241C02AAC07 /* InfoPlist.strings */,
			);
			name = "Flurry source code";
			sourceTree = "<group>";
		};
		1058C7ACFEA557BF11CA2CBB /* Linked Frameworks */ = {
			isa = PBXGroup;
			children = (
				E4DF71860C8163CF00573540 /* OpenGL.framework */,
				1058C7ADFEA557BF11CA2CBB /* Cocoa.framework */,
				06F27B2DFFEEEFEF11CA0E56 /* ScreenSaver.framework */,
			);
			name = "Linked Frameworks";
			sourceTree = "<group>";
		};
		1058C7AEFEA557BF11CA2CBB /* Other Frameworks */ = {
			isa = PBXGroup;
			children = (
				089C1672FE841209C02AAC07 /* Foundation.framework */,
				089C167FFE841241C02AAC07 /* AppKit.framework */,
			);
			name = "Other Frameworks";
			sourceTree = "<group>";
		};
		19C28FB8FE9D52D311CA2CBB /* Products */ = {
			isa = PBXGroup;
			children = (
				8D255AD30486D3F9007BF209 /* Flurry.saver */,
			);
			name = Products;
			sourceTree = "<group>";
		};
		E4DF70F10C8161E000573540 /* Source */ = {
			isa = PBXGroup;
			children = (
				E4DF70F20C8161E000573540 /* Gl_saver.c */,
				E4DF70F30C8161E000573540 /* Gl_saver.h */,
				E4DF70F40C8161E000573540 /* Particle.c */,
				E4DF70F50C8161E000573540 /* Particle.h */,
				E4DF70F60C8161E000573540 /* PTypes.h */,
				E4DF70F70C8161E000573540 /* Smoke.c */,
				E4DF70F80C8161E000573540 /* Smoke.h */,
				E4DF70F90C8161E000573540 /* SmokeParticle.h */,
				E4DF70FA0C8161E000573540 /* Spark.c */,
				E4DF70FB0C8161E000573540 /* Spark.h */,
				E4DF70FC0C8161E000573540 /* Star.c */,
				E4DF70FD0C8161E000573540 /* Star.h */,
				E4DF70FE0C8161E000573540 /* Std.c */,
				E4DF70FF0C8161E000573540 /* Std.h */,
				E4DF71000C8161E000573540 /* Texture.c */,
				E4DF71010C8161E000573540 /* Texture.h */,
			);
			path = Source;
			sourceTree = "<group>";
		};
/* End PBXGroup section */

/* Begin PBXNativeTarget section */
		8D255AC50486D3F9007BF209 /* Flurry */ = {
			isa = PBXNativeTarget;
			buildConfigurationList = EF7AD72D08BB986600CE4634 /* Build configuration list for PBXNativeTarget "Flurry" */;
			buildPhases = (
				8D255AC90486D3F9007BF209 /* Resources */,
				8D255ACB0486D3F9007BF209 /* Sources */,
				8D255ACD0486D3F9007BF209 /* Frameworks */,
				8D255AD00486D3F9007BF209 /* Rez */,
			);
			buildRules = (
			);
			dependencies = (
			);
			name = Flurry;
			productInstallPath = "$(HOME)/Library/Screen Savers";
			productName = Flurry;
			productReference = 8D255AD30486D3F9007BF209 /* Flurry.saver */;
			productType = "com.apple.product-type.bundle";
		};
/* End PBXNativeTarget section */

/* Begin PBXProject section */
		089C1669FE841209C02AAC07 /* Project object */ = {
			isa = PBXProject;
			buildConfigurationList = EF7AD73108BB986600CE4634 /* Build configuration list for PBXProject "Flurry" */;
			compatibilityVersion = "Xcode 2.4";
			hasScannedForEncodings = 1;
			mainGroup = 089C166AFE841209C02AAC07 /* Flurry */;
			projectDirPath = "";
			projectRoot = "";
			targets = (
				8D255AC50486D3F9007BF209 /* Flurry */,
			);
		};
/* End PBXProject section */

/* Begin PBXResourcesBuildPhase section */
		8D255AC90486D3F9007BF209 /* Resources */ = {
			isa = PBXResourcesBuildPhase;
			buildActionMask = 2147483647;
			files = (
				8D255ACA0486D3F9007BF209 /* InfoPlist.strings in Resources */,
				E4DF70E60C8161BF00573540 /* EditPreset.nib in Resources */,
				E4DF70E70C8161BF00573540 /* Flurry.nib in Resources */,
				E4DF71020C8161E000573540 /* displays.tif in Resources */,
				E4DF71CF0C81666C00573540 /* Flurry.icns in Resources */,
			);
			runOnlyForDeploymentPostprocessing = 0;
		};
/* End PBXResourcesBuildPhase section */

/* Begin PBXRezBuildPhase section */
		8D255AD00486D3F9007BF209 /* Rez */ = {
			isa = PBXRezBuildPhase;
			buildActionMask = 2147483647;
			files = (
			);
			runOnlyForDeploymentPostprocessing = 0;
		};
/* End PBXRezBuildPhase section */

/* Begin PBXSourcesBuildPhase section */
		8D255ACB0486D3F9007BF209 /* Sources */ = {
			isa = PBXSourcesBuildPhase;
			buildActionMask = 2147483647;
			files = (
				E4DF71040C8161E000573540 /* FlurryUtils.m in Sources */,
				E4DF71060C8161E000573540 /* FlurryView.m in Sources */,
				E4DF71080C8161E000573540 /* PresetManager.m in Sources */,
				E4DF71090C8161E000573540 /* Gl_saver.c in Sources */,
				E4DF710B0C8161E000573540 /* Particle.c in Sources */,
				E4DF710E0C8161E000573540 /* Smoke.c in Sources */,
				E4DF71110C8161E000573540 /* Spark.c in Sources */,
				E4DF71130C8161E000573540 /* Star.c in Sources */,
				E4DF71150C8161E000573540 /* Std.c in Sources */,
				E4DF71170C8161E000573540 /* Texture.c in Sources */,
			);
			runOnlyForDeploymentPostprocessing = 0;
		};
/* End PBXSourcesBuildPhase section */

/* Begin PBXVariantGroup section */
		089C167DFE841241C02AAC07 /* InfoPlist.strings */ = {
			isa = PBXVariantGroup;
			children = (
				089C167EFE841241C02AAC07 /* English */,
			);
			name = InfoPlist.strings;
			sourceTree = "<group>";
		};
		E4DF70E20C8161BF00573540 /* EditPreset.nib */ = {
			isa = PBXVariantGroup;
			children = (
				E4DF70E30C8161BF00573540 /* English */,
			);
			name = EditPreset.nib;
			sourceTree = "<group>";
		};
		E4DF70E40C8161BF00573540 /* Flurry.nib */ = {
			isa = PBXVariantGroup;
			children = (
				E4DF70E50C8161BF00573540 /* English */,
			);
			name = Flurry.nib;
			sourceTree = "<group>";
		};
/* End PBXVariantGroup section */

/* Begin XCBuildConfiguration section */
		EF7AD72E08BB986600CE4634 /* Debug */ = {
			isa = XCBuildConfiguration;
			buildSettings = {
				COPY_PHASE_STRIP = NO;
				GCC_DYNAMIC_NO_PIC = NO;
				GCC_OPTIMIZATION_LEVEL = 0;
				GCC_PRECOMPILE_PREFIX_HEADER = YES;
				GCC_PREFIX_HEADER = Flurry_Prefix.pch;
				GCC_PREPROCESSOR_DEFINITIONS = "DEBUG=1";
				INFOPLIST_FILE = Info.plist;
				PRODUCT_NAME = Flurry;
				SDKROOT = /Developer/SDKs/MacOSX10.5.sdk;
				WRAPPER_EXTENSION = saver;
			};
			name = Debug;
		};
		EF7AD72F08BB986600CE4634 /* Release */ = {
			isa = XCBuildConfiguration;
			buildSettings = {
				ARCHS = (
					ppc,
					i386,
				);
				GCC_GENERATE_DEBUGGING_SYMBOLS = NO;
				GCC_PRECOMPILE_PREFIX_HEADER = YES;
				GCC_PREFIX_HEADER = Flurry_Prefix.pch;
				INFOPLIST_FILE = Info.plist;
				PRODUCT_NAME = Flurry;
				SDKROOT = /Developer/SDKs/MacOSX10.5.sdk;
				WRAPPER_EXTENSION = saver;
			};
			name = Release;
		};
		EF7AD73208BB986600CE4634 /* Debug */ = {
			isa = XCBuildConfiguration;
			buildSettings = {
				GCC_WARN_ABOUT_RETURN_TYPE = YES;
				GCC_WARN_UNUSED_VARIABLE = YES;
				PREBINDING = NO;
				SDKROOT = /Developer/SDKs/MacOSX10.4u.sdk;
			};
			name = Debug;
		};
		EF7AD73308BB986600CE4634 /* Release */ = {
			isa = XCBuildConfiguration;
			buildSettings = {
				GCC_WARN_ABOUT_RETURN_TYPE = YES;
				GCC_WARN_UNUSED_VARIABLE = YES;
				PREBINDING = NO;
				SDKROOT = /Developer/SDKs/MacOSX10.4u.sdk;
			};
			name = Release;
		};
/* End XCBuildConfiguration section */

/* Begin XCConfigurationList section */
		EF7AD72D08BB986600CE4634 /* Build configuration list for PBXNativeTarget "Flurry" */ = {
			isa = XCConfigurationList;
			buildConfigurations = (
				EF7AD72E08BB986600CE4634 /* Debug */,
				EF7AD72F08BB986600CE4634 /* Release */,
			);
			defaultConfigurationIsVisible = 0;
			defaultConfigurationName = Release;
		};
		EF7AD73108BB986600CE4634 /* Build configuration list for PBXProject "Flurry" */ = {
			isa = XCConfigurationList;
			buildConfigurations = (
				EF7AD73208BB986600CE4634 /* Debug */,
				EF7AD73308BB986600CE4634 /* Release */,
			);
			defaultConfigurationIsVisible = 0;
			defaultConfigurationName = Release;
		};
/* End XCConfigurationList section */
	};
	rootObject = 089C1669FE841209C02AAC07 /* Project object */;
}
